
Microsoft Visual Studio Solution File, Format Version 12.00
# Visual Studio 15
VisualStudioVersion = 15.0.28307.329
MinimumVisualStudioVersion = 10.0.40219.1
Project("{FAE04EC0-301F-11D3-BF4B-00C04F79EFBC}") = "swi", "swi\swi.csproj", "{FCC12A87-810D-451E-BDA0-28DAB4D9C135}"
EndProject
Global
	GlobalSection(SolutionConfigurationPlatforms) = preSolution
		Debug|Any CPU = Debug|Any CPU
		Release|Any CPU = Release|Any CPU
	EndGlobalSection
	GlobalSection(ProjectConfigurationPlatforms) = postSolution
		{FCC12A87-810D-451E-BDA0-28DAB4D9C135}.Debug|Any CPU.ActiveCfg = Debug|Any CPU
		{FCC12A87-810D-451E-BDA0-28DAB4D9C135}.Debug|Any CPU.Build.0 = Debug|Any CPU
		{FCC12A87-810D-451E-BDA0-28DAB4D9C135}.Release|Any CPU.ActiveCfg = Release|Any CPU
		{FCC12A87-810D-451E-BDA0-28DAB4D9C135}.Release|Any CPU.Build.0 = Release|Any CPU
	EndGlobalSection
	GlobalSection(SolutionProperties) = preSolution
		HideSolutionNode = FALSE
	EndGlobalSection
	GlobalSection(ExtensibilityGlobals) = postSolution
		SolutionGuid = {8504BFD1-BB12-4413-AB06-F959816FFB4C}
	EndGlobalSection
EndGlobal
